hash: ab28b1d1fbe497dad82388baf8b014e91c9b642703dbcb54d7e20795050fddfa
updated: 2017-06-17T22:08:15.589230737-07:00
imports:
- name: github.com/b3ntly/insertjson
  version: 6efe111890b940693f2b68c9e31b7c39babe8aad
- name: github.com/b3ntly/uritemplates
  version: 5743ad79e5a6920765a8b83e2d09ec812438843f
- name: github.com/cch123/elasticsql
  version: 91d11fca6cac89919d6c08a973194353102ff05e
- name: github.com/gorilla/context
  version: 08b5f424b9271eedf6f9f0ce86cb9396ed337a42
- name: github.com/gorilla/mux
  version: bcd8bc72b08df0f70df986b97f95590779502d31
- name: github.com/hashicorp/go-cleanhttp
  version: 3573b8b52aa7b37b9358d966a898feb387f62437
- name: github.com/oklog/ulid
  version: d311cb43c92434ec4072dfbbda3400741d0a6337
- name: github.com/stretchr/testify
  version: 69483b4bd14f5845b5a1e55bca19e954e827f1d0
  subpackages:
  - assert
  - require
- name: github.com/xwb1989/sqlparser
  version: a9cdf22bd561e715bba34ee228cb1c06bfa2719c
  subpackages:
  - dependency/bson
  - dependency/bytes2
  - dependency/hack
  - dependency/sqltypes
testImports:
- name: github.com/davecgh/go-spew
  version: 6d212800a42e8ab5c146b8ace3490ee17e5225f9
  subpackages:
  - spew
- name: github.com/pmezard/go-difflib
  version: d8ed2627bdf02c080bf22230dbb337003b7aba2d
  subpackages:
  - difflib
